
Microsoft Visual Studio Solution File, Format Version 11.00
# Visual Studio 2010
Project("{FAE04EC0-301F-11D3-BF4B-00C04F79EFBC}") = "zhongnanhaifengyun", "Assembly-CSharp.csproj", "{418A0187-AA74-B2B2-18C7-6AFD9D75F580}"
EndProject
Global
	GlobalSection(SolutionConfigurationPlatforms) = preSolution
		Debug|Any CPU = Debug|Any CPU
		Release|Any CPU = Release|Any CPU
	EndGlobalSection
	GlobalSection(ProjectConfigurationPlatforms) = postSolution
		{418A0187-AA74-B2B2-18C7-6AFD9D75F580}.Debug|Any CPU.ActiveCfg = Debug|Any CPU
		{418A0187-AA74-B2B2-18C7-6AFD9D75F580}.Debug|Any CPU.Build.0 = Debug|Any CPU
		{418A0187-AA74-B2B2-18C7-6AFD9D75F580}.Release|Any CPU.ActiveCfg = Release|Any CPU
		{418A0187-AA74-B2B2-18C7-6AFD9D75F580}.Release|Any CPU.Build.0 = Release|Any CPU
	EndGlobalSection
	GlobalSection(SolutionProperties) = preSolution
		HideSolutionNode = FALSE
	EndGlobalSection
	GlobalSection(MonoDevelopProperties) = preSolution
		StartupItem = Assembly-CSharp.csproj
	EndGlobalSection
EndGlobal
